
Microsoft Visual Studio Solution File, Format Version 12.00
# Visual Studio Version 17
VisualStudioVersion = 17.13.35913.81 d17.13
MinimumVisualStudioVersion = 10.0.40219.1
Project("{FAE04EC0-301F-11D3-BF4B-00C04F79EFBC}") = "FullFlowDemo", "FullFlowDemo\FullFlowDemo.csproj", "{9AEE7735-F98E-4318-AB5A-97459D2B119E}"
EndProject
Global
	GlobalSection(SolutionConfigurationPlatforms) = preSolution
		Debug|Any CPU = Debug|Any CPU
		Release|Any CPU = Release|Any CPU
	EndGlobalSection
	GlobalSection(ProjectConfigurationPlatforms) = postSolution
		{9AEE7735-F98E-4318-AB5A-97459D2B119E}.Debug|Any CPU.ActiveCfg = Debug|Any CPU
		{9AEE7735-F98E-4318-AB5A-97459D2B119E}.Debug|Any CPU.Build.0 = Debug|Any CPU
		{9AEE7735-F98E-4318-AB5A-97459D2B119E}.Release|Any CPU.ActiveCfg = Release|Any CPU
		{9AEE7735-F98E-4318-AB5A-97459D2B119E}.Release|Any CPU.Build.0 = Release|Any CPU
	EndGlobalSection
	GlobalSection(SolutionProperties) = preSolution
		HideSolutionNode = FALSE
	EndGlobalSection
	GlobalSection(ExtensibilityGlobals) = postSolution
		SolutionGuid = {48DB43B5-3DF1-4D28-8E6B-1973B19DC5B4}
	EndGlobalSection
EndGlobal
